{
  "version": 4,
  "terraform_version": "1.1.7",
  "serial": 53,
  "lineage": "f2ed2b41-8827-e9ef-e6f4-b2aaac16ce68",
  "outputs": {},
  "resources": [
    {
      "mode": "data",
      "type": "azurerm_public_ip",
      "name": "var-ip-public-trab-terra",
      "provider": "provider[\"registry.terraform.io/hashicorp/azurerm\"]",
      "instances": [
        {
          "schema_version": 0,
          "attributes": {
            "allocation_method": "Static",
            "domain_name_label": "",
            "fqdn": "",
            "id": "/subscriptions/1667f219-aecb-43dc-b898-8b279ea04fc4/resourceGroups/trab_infra_terra/providers/Microsoft.Network/publicIPAddresses/ip-trab-terra",
            "idle_timeout_in_minutes": 4,
            "ip_address": "20.226.37.39",
            "ip_tags": {},
            "ip_version": "IPv4",
            "location": "brazilsouth",
            "name": "ip-trab-terra",
            "resource_group_name": "trab_infra_terra",
            "reverse_fqdn": "",
            "sku": "Basic",
            "tags": {},
            "timeouts": null,
            "zones": []
          },
          "sensitive_attributes": []
        }
      ]
    },
    {
      "mode": "managed",
      "type": "azurerm_linux_virtual_machine",
      "name": "vm-trab-terra",
      "provider": "provider[\"registry.terraform.io/hashicorp/azurerm\"]",
      "instances": [
        {
          "schema_version": 0,
          "attributes": {
            "additional_capabilities": [],
            "admin_password": "Thi@110585",
            "admin_ssh_key": [],
            "admin_username": "adminUsername",
            "allow_extension_operations": true,
            "availability_set_id": "",
            "boot_diagnostics": [
              {
                "storage_account_uri": "https://satrabterra.blob.core.windows.net/"
              }
            ],
            "computer_name": "VM",
            "custom_data": null,
            "dedicated_host_group_id": "",
            "dedicated_host_id": "",
            "disable_password_authentication": false,
            "edge_zone": "",
            "encryption_at_host_enabled": false,
            "eviction_policy": "",
            "extensions_time_budget": "PT1H30M",
            "id": "/subscriptions/1667f219-aecb-43dc-b898-8b279ea04fc4/resourceGroups/trab_infra_terra/providers/Microsoft.Compute/virtualMachines/VM",
            "identity": [],
            "license_type": "",
            "location": "brazilsouth",
            "max_bid_price": -1,
            "name": "VM",
            "network_interface_ids": [
              "/subscriptions/1667f219-aecb-43dc-b898-8b279ea04fc4/resourceGroups/trab_infra_terra/providers/Microsoft.Network/networkInterfaces/nic-trab-terra"
            ],
            "os_disk": [
              {
                "caching": "ReadWrite",
                "diff_disk_settings": [],
                "disk_encryption_set_id": "",
                "disk_size_gb": 30,
                "name": "myOsDisk",
                "storage_account_type": "Premium_LRS",
                "write_accelerator_enabled": false
              }
            ],
            "patch_mode": "ImageDefault",
            "plan": [],
            "platform_fault_domain": -1,
            "priority": "Regular",
            "private_ip_address": "10.0.1.4",
            "private_ip_addresses": [
              "10.0.1.4"
            ],
            "provision_vm_agent": true,
            "proximity_placement_group_id": "",
            "public_ip_address": "20.226.37.39",
            "public_ip_addresses": [
              "20.226.37.39"
            ],
            "resource_group_name": "trab_infra_terra",
            "secret": [],
            "secure_boot_enabled": false,
            "size": "Standard_E2bs_v5",
            "source_image_id": "",
            "source_image_reference": [
              {
                "offer": "UbuntuServer",
                "publisher": "Canonical",
                "sku": "18.04-LTS",
                "version": "latest"
              }
            ],
            "tags": null,
            "termination_notification": null,
            "timeouts": null,
            "user_data": "",
            "virtual_machine_id": "76efbd46-ed59-4c1a-bba1-d10160e531ae",
            "virtual_machine_scale_set_id": "",
            "vtpm_enabled": false,
            "zone": ""
          },
          "sensitive_attributes": [],
          "private": "eyJlMmJmYjczMC1lY2FhLTExZTYtOGY4OC0zNDM2M2JjN2M0YzAiOnsiY3JlYXRlIjoyNzAwMDAwMDAwMDAwLCJkZWxldGUiOjI3MDAwMDAwMDAwMDAsInJlYWQiOjMwMDAwMDAwMDAwMCwidXBkYXRlIjoyNzAwMDAwMDAwMDAwfX0=",
          "dependencies": [
            "azurerm_network_interface.nic-trab-terra",
            "azurerm_public_ip.ip-trab-terra",
            "azurerm_resource_group.rg-trab-terra",
            "azurerm_storage_account.sa-trab-terra",
            "azurerm_subnet.sub-trab-terra",
            "azurerm_virtual_network.vnet-trab-terra"
          ]
        }
      ]
    },
    {
      "mode": "managed",
      "type": "azurerm_network_interface",
      "name": "nic-trab-terra",
      "provider": "provider[\"registry.terraform.io/hashicorp/azurerm\"]",
      "instances": [
        {
          "schema_version": 0,
          "attributes": {
            "applied_dns_servers": [],
            "dns_servers": [],
            "edge_zone": "",
            "enable_accelerated_networking": false,
            "enable_ip_forwarding": false,
            "id": "/subscriptions/1667f219-aecb-43dc-b898-8b279ea04fc4/resourceGroups/trab_infra_terra/providers/Microsoft.Network/networkInterfaces/nic-trab-terra",
            "internal_dns_name_label": "",
            "internal_domain_name_suffix": "cqw4ywkrgb4ufpe0zwhm4nihqf.nx.internal.cloudapp.net",
            "ip_configuration": [
              {
                "gateway_load_balancer_frontend_ip_configuration_id": "",
                "name": "nic-ip",
                "primary": true,
                "private_ip_address": "10.0.1.4",
                "private_ip_address_allocation": "Dynamic",
                "private_ip_address_version": "IPv4",
                "public_ip_address_id": "/subscriptions/1667f219-aecb-43dc-b898-8b279ea04fc4/resourceGroups/trab_infra_terra/providers/Microsoft.Network/publicIPAddresses/ip-trab-terra",
                "subnet_id": "/subscriptions/1667f219-aecb-43dc-b898-8b279ea04fc4/resourceGroups/trab_infra_terra/providers/Microsoft.Network/virtualNetworks/vnet-trab-terra/subnets/sub-trab-terra"
              }
            ],
            "location": "brazilsouth",
            "mac_address": "",
            "name": "nic-trab-terra",
            "private_ip_address": "10.0.1.4",
            "private_ip_addresses": [
              "10.0.1.4"
            ],
            "resource_group_name": "trab_infra_terra",
            "tags": null,
            "timeouts": null,
            "virtual_machine_id": ""
          },
          "sensitive_attributes": [],
          "private": "eyJlMmJmYjczMC1lY2FhLTExZTYtOGY4OC0zNDM2M2JjN2M0YzAiOnsiY3JlYXRlIjoxODAwMDAwMDAwMDAwLCJkZWxldGUiOjE4MDAwMDAwMDAwMDAsInJlYWQiOjMwMDAwMDAwMDAwMCwidXBkYXRlIjoxODAwMDAwMDAwMDAwfX0=",
          "dependencies": [
            "azurerm_public_ip.ip-trab-terra",
            "azurerm_resource_group.rg-trab-terra",
            "azurerm_subnet.sub-trab-terra",
            "azurerm_virtual_network.vnet-trab-terra"
          ]
        }
      ]
    },
    {
      "mode": "managed",
      "type": "azurerm_network_interface_security_group_association",
      "name": "nic-firewall-trab-terra",
      "provider": "provider[\"registry.terraform.io/hashicorp/azurerm\"]",
      "instances": [
        {
          "schema_version": 0,
          "attributes": {
            "id": "/subscriptions/1667f219-aecb-43dc-b898-8b279ea04fc4/resourceGroups/trab_infra_terra/providers/Microsoft.Network/networkInterfaces/nic-trab-terra|/subscriptions/1667f219-aecb-43dc-b898-8b279ea04fc4/resourceGroups/trab_infra_terra/providers/Microsoft.Network/networkSecurityGroups/firewall-trab-terra",
            "network_interface_id": "/subscriptions/1667f219-aecb-43dc-b898-8b279ea04fc4/resourceGroups/trab_infra_terra/providers/Microsoft.Network/networkInterfaces/nic-trab-terra",
            "network_security_group_id": "/subscriptions/1667f219-aecb-43dc-b898-8b279ea04fc4/resourceGroups/trab_infra_terra/providers/Microsoft.Network/networkSecurityGroups/firewall-trab-terra",
            "timeouts": null
          },
          "sensitive_attributes": [],
          "private": "eyJlMmJmYjczMC1lY2FhLTExZTYtOGY4OC0zNDM2M2JjN2M0YzAiOnsiY3JlYXRlIjoxODAwMDAwMDAwMDAwLCJkZWxldGUiOjE4MDAwMDAwMDAwMDAsInJlYWQiOjMwMDAwMDAwMDAwMCwidXBkYXRlIjoxODAwMDAwMDAwMDAwfX0=",
          "dependencies": [
            "azurerm_network_interface.nic-trab-terra",
            "azurerm_network_security_group.firewall-trab-terra",
            "azurerm_public_ip.ip-trab-terra",
            "azurerm_resource_group.rg-trab-terra",
            "azurerm_subnet.sub-trab-terra",
            "azurerm_virtual_network.vnet-trab-terra"
          ]
        }
      ]
    },
    {
      "mode": "managed",
      "type": "azurerm_network_security_group",
      "name": "firewall-trab-terra",
      "provider": "provider[\"registry.terraform.io/hashicorp/azurerm\"]",
      "instances": [
        {
          "schema_version": 0,
          "attributes": {
            "id": "/subscriptions/1667f219-aecb-43dc-b898-8b279ea04fc4/resourceGroups/trab_infra_terra/providers/Microsoft.Network/networkSecurityGroups/firewall-trab-terra",
            "location": "brazilsouth",
            "name": "firewall-trab-terra",
            "resource_group_name": "trab_infra_terra",
            "security_rule": [
              {
                "access": "Allow",
                "description": "",
                "destination_address_prefix": "*",
                "destination_address_prefixes": [],
                "destination_application_security_group_ids": [],
                "destination_port_range": "22",
                "destination_port_ranges": [],
                "direction": "Inbound",
                "name": "SSH",
                "priority": 100,
                "protocol": "Tcp",
                "source_address_prefix": "*",
                "source_address_prefixes": [],
                "source_application_security_group_ids": [],
                "source_port_range": "*",
                "source_port_ranges": []
              },
              {
                "access": "Allow",
                "description": "",
                "destination_address_prefix": "*",
                "destination_address_prefixes": [],
                "destination_application_security_group_ids": [],
                "destination_port_range": "80",
                "destination_port_ranges": [],
                "direction": "Inbound",
                "name": "Web",
                "priority": 1001,
                "protocol": "Tcp",
                "source_address_prefix": "*",
                "source_address_prefixes": [],
                "source_application_security_group_ids": [],
                "source_port_range": "*",
                "source_port_ranges": []
              }
            ],
            "tags": null,
            "timeouts": null
          },
          "sensitive_attributes": [],
          "private": "eyJlMmJmYjczMC1lY2FhLTExZTYtOGY4OC0zNDM2M2JjN2M0YzAiOnsiY3JlYXRlIjoxODAwMDAwMDAwMDAwLCJkZWxldGUiOjE4MDAwMDAwMDAwMDAsInJlYWQiOjMwMDAwMDAwMDAwMCwidXBkYXRlIjoxODAwMDAwMDAwMDAwfX0=",
          "dependencies": [
            "azurerm_resource_group.rg-trab-terra"
          ]
        }
      ]
    },
    {
      "mode": "managed",
      "type": "azurerm_public_ip",
      "name": "ip-trab-terra",
      "provider": "provider[\"registry.terraform.io/hashicorp/azurerm\"]",
      "instances": [
        {
          "schema_version": 0,
          "attributes": {
            "allocation_method": "Static",
            "domain_name_label": null,
            "edge_zone": "",
            "fqdn": null,
            "id": "/subscriptions/1667f219-aecb-43dc-b898-8b279ea04fc4/resourceGroups/trab_infra_terra/providers/Microsoft.Network/publicIPAddresses/ip-trab-terra",
            "idle_timeout_in_minutes": 4,
            "ip_address": "20.226.37.39",
            "ip_tags": null,
            "ip_version": "IPv4",
            "location": "brazilsouth",
            "name": "ip-trab-terra",
            "public_ip_prefix_id": null,
            "resource_group_name": "trab_infra_terra",
            "reverse_fqdn": null,
            "sku": "Basic",
            "sku_tier": "Regional",
            "tags": null,
            "timeouts": null,
            "zones": null
          },
          "sensitive_attributes": [],
          "private": "eyJlMmJmYjczMC1lY2FhLTExZTYtOGY4OC0zNDM2M2JjN2M0YzAiOnsiY3JlYXRlIjoxODAwMDAwMDAwMDAwLCJkZWxldGUiOjE4MDAwMDAwMDAwMDAsInJlYWQiOjMwMDAwMDAwMDAwMCwidXBkYXRlIjoxODAwMDAwMDAwMDAwfX0=",
          "dependencies": [
            "azurerm_resource_group.rg-trab-terra"
          ]
        }
      ]
    },
    {
      "mode": "managed",
      "type": "azurerm_resource_group",
      "name": "rg-trab-terra",
      "provider": "provider[\"registry.terraform.io/hashicorp/azurerm\"]",
      "instances": [
        {
          "schema_version": 0,
          "attributes": {
            "id": "/subscriptions/1667f219-aecb-43dc-b898-8b279ea04fc4/resourceGroups/trab_infra_terra",
            "location": "brazilsouth",
            "name": "trab_infra_terra",
            "tags": null,
            "timeouts": null
          },
          "sensitive_attributes": [],
          "private": "eyJlMmJmYjczMC1lY2FhLTExZTYtOGY4OC0zNDM2M2JjN2M0YzAiOnsiY3JlYXRlIjo1NDAwMDAwMDAwMDAwLCJkZWxldGUiOjU0MDAwMDAwMDAwMDAsInJlYWQiOjMwMDAwMDAwMDAwMCwidXBkYXRlIjo1NDAwMDAwMDAwMDAwfX0="
        }
      ]
    },
    {
      "mode": "managed",
      "type": "azurerm_storage_account",
      "name": "sa-trab-terra",
      "provider": "provider[\"registry.terraform.io/hashicorp/azurerm\"]",
      "instances": [
        {
          "schema_version": 3,
          "attributes": {
            "access_tier": "Hot",
            "account_kind": "StorageV2",
            "account_replication_type": "LRS",
            "account_tier": "Standard",
            "allow_nested_items_to_be_public": true,
            "azure_files_authentication": [],
            "blob_properties": [
              {
                "change_feed_enabled": false,
                "container_delete_retention_policy": [],
                "cors_rule": [],
                "default_service_version": "",
                "delete_retention_policy": [],
                "last_access_time_enabled": false,
                "versioning_enabled": false
              }
            ],
            "custom_domain": [],
            "customer_managed_key": [],
            "edge_zone": "",
            "enable_https_traffic_only": true,
            "id": "/subscriptions/1667f219-aecb-43dc-b898-8b279ea04fc4/resourceGroups/trab_infra_terra/providers/Microsoft.Storage/storageAccounts/satrabterra",
            "identity": [],
            "infrastructure_encryption_enabled": false,
            "is_hns_enabled": false,
            "large_file_share_enabled": null,
            "location": "brazilsouth",
            "min_tls_version": "TLS1_2",
            "name": "satrabterra",
            "network_rules": [
              {
                "bypass": [
                  "AzureServices"
                ],
                "default_action": "Allow",
                "ip_rules": [],
                "private_link_access": [],
                "virtual_network_subnet_ids": []
              }
            ],
            "nfsv3_enabled": false,
            "primary_access_key": "PPyBKCfjt3QTFu29SQgNYhq8ZloBJZpne6G2fT93naaymOa6ybioiSdICz2/RM46AWC8c7/VwOieKvnB1qbg2g==",
            "primary_blob_connection_string": "DefaultEndpointsProtocol=https;BlobEndpoint=https://satrabterra.blob.core.windows.net/;AccountName=satrabterra;AccountKey=PPyBKCfjt3QTFu29SQgNYhq8ZloBJZpne6G2fT93naaymOa6ybioiSdICz2/RM46AWC8c7/VwOieKvnB1qbg2g==",
            "primary_blob_endpoint": "https://satrabterra.blob.core.windows.net/",
            "primary_blob_host": "satrabterra.blob.core.windows.net",
            "primary_connection_string": "DefaultEndpointsProtocol=https;AccountName=satrabterra;AccountKey=PPyBKCfjt3QTFu29SQgNYhq8ZloBJZpne6G2fT93naaymOa6ybioiSdICz2/RM46AWC8c7/VwOieKvnB1qbg2g==;EndpointSuffix=core.windows.net",
            "primary_dfs_endpoint": "https://satrabterra.dfs.core.windows.net/",
            "primary_dfs_host": "satrabterra.dfs.core.windows.net",
            "primary_file_endpoint": "https://satrabterra.file.core.windows.net/",
            "primary_file_host": "satrabterra.file.core.windows.net",
            "primary_location": "brazilsouth",
            "primary_queue_endpoint": "https://satrabterra.queue.core.windows.net/",
            "primary_queue_host": "satrabterra.queue.core.windows.net",
            "primary_table_endpoint": "https://satrabterra.table.core.windows.net/",
            "primary_table_host": "satrabterra.table.core.windows.net",
            "primary_web_endpoint": "https://satrabterra.z15.web.core.windows.net/",
            "primary_web_host": "satrabterra.z15.web.core.windows.net",
            "queue_encryption_key_type": "Service",
            "queue_properties": [
              {
                "cors_rule": [],
                "hour_metrics": [
                  {
                    "enabled": true,
                    "include_apis": true,
                    "retention_policy_days": 7,
                    "version": "1.0"
                  }
                ],
                "logging": [
                  {
                    "delete": false,
                    "read": false,
                    "retention_policy_days": 0,
                    "version": "1.0",
                    "write": false
                  }
                ],
                "minute_metrics": [
                  {
                    "enabled": false,
                    "include_apis": false,
                    "retention_policy_days": 0,
                    "version": "1.0"
                  }
                ]
              }
            ],
            "resource_group_name": "trab_infra_terra",
            "routing": [],
            "secondary_access_key": "DIYDYoCUhhPr+zZT8c/BN60++bfc68xBHSUe5UM7aoesqg1lWeiMKnVBapZ2gWlkXfqyOVa7PqnyS+AVA+/nEg==",
            "secondary_blob_connection_string": "",
            "secondary_blob_endpoint": null,
            "secondary_blob_host": null,
            "secondary_connection_string": "DefaultEndpointsProtocol=https;AccountName=satrabterra;AccountKey=DIYDYoCUhhPr+zZT8c/BN60++bfc68xBHSUe5UM7aoesqg1lWeiMKnVBapZ2gWlkXfqyOVa7PqnyS+AVA+/nEg==;EndpointSuffix=core.windows.net",
            "secondary_dfs_endpoint": null,
            "secondary_dfs_host": null,
            "secondary_file_endpoint": null,
            "secondary_file_host": null,
            "secondary_location": "",
            "secondary_queue_endpoint": null,
            "secondary_queue_host": null,
            "secondary_table_endpoint": null,
            "secondary_table_host": null,
            "secondary_web_endpoint": null,
            "secondary_web_host": null,
            "share_properties": [
              {
                "cors_rule": [],
                "retention_policy": [
                  {
                    "days": 7
                  }
                ],
                "smb": []
              }
            ],
            "shared_access_key_enabled": true,
            "static_website": [],
            "table_encryption_key_type": "Service",
            "tags": null,
            "timeouts": null
          },
          "sensitive_attributes": [],
          "private": "eyJlMmJmYjczMC1lY2FhLTExZTYtOGY4OC0zNDM2M2JjN2M0YzAiOnsiY3JlYXRlIjozNjAwMDAwMDAwMDAwLCJkZWxldGUiOjM2MDAwMDAwMDAwMDAsInJlYWQiOjMwMDAwMDAwMDAwMCwidXBkYXRlIjozNjAwMDAwMDAwMDAwfSwic2NoZW1hX3ZlcnNpb24iOiIzIn0=",
          "dependencies": [
            "azurerm_resource_group.rg-trab-terra"
          ]
        }
      ]
    },
    {
      "mode": "managed",
      "type": "azurerm_subnet",
      "name": "sub-trab-terra",
      "provider": "provider[\"registry.terraform.io/hashicorp/azurerm\"]",
      "instances": [
        {
          "schema_version": 0,
          "attributes": {
            "address_prefixes": [
              "10.0.1.0/24"
            ],
            "delegation": [],
            "enforce_private_link_endpoint_network_policies": false,
            "enforce_private_link_service_network_policies": false,
            "id": "/subscriptions/1667f219-aecb-43dc-b898-8b279ea04fc4/resourceGroups/trab_infra_terra/providers/Microsoft.Network/virtualNetworks/vnet-trab-terra/subnets/sub-trab-terra",
            "name": "sub-trab-terra",
            "resource_group_name": "trab_infra_terra",
            "service_endpoint_policy_ids": null,
            "service_endpoints": null,
            "timeouts": null,
            "virtual_network_name": "vnet-trab-terra"
          },
          "sensitive_attributes": [],
          "private": "eyJlMmJmYjczMC1lY2FhLTExZTYtOGY4OC0zNDM2M2JjN2M0YzAiOnsiY3JlYXRlIjoxODAwMDAwMDAwMDAwLCJkZWxldGUiOjE4MDAwMDAwMDAwMDAsInJlYWQiOjMwMDAwMDAwMDAwMCwidXBkYXRlIjoxODAwMDAwMDAwMDAwfX0=",
          "dependencies": [
            "azurerm_resource_group.rg-trab-terra",
            "azurerm_virtual_network.vnet-trab-terra"
          ]
        }
      ]
    },
    {
      "mode": "managed",
      "type": "azurerm_virtual_network",
      "name": "vnet-trab-terra",
      "provider": "provider[\"registry.terraform.io/hashicorp/azurerm\"]",
      "instances": [
        {
          "schema_version": 0,
          "attributes": {
            "address_space": [
              "10.0.0.0/16"
            ],
            "bgp_community": "",
            "ddos_protection_plan": [],
            "dns_servers": [],
            "edge_zone": "",
            "flow_timeout_in_minutes": 0,
            "guid": "59ec2d14-3051-427d-bc9a-cd8ecf350785",
            "id": "/subscriptions/1667f219-aecb-43dc-b898-8b279ea04fc4/resourceGroups/trab_infra_terra/providers/Microsoft.Network/virtualNetworks/vnet-trab-terra",
            "location": "brazilsouth",
            "name": "vnet-trab-terra",
            "resource_group_name": "trab_infra_terra",
            "subnet": [],
            "tags": null,
            "timeouts": null
          },
          "sensitive_attributes": [],
          "private": "eyJlMmJmYjczMC1lY2FhLTExZTYtOGY4OC0zNDM2M2JjN2M0YzAiOnsiY3JlYXRlIjoxODAwMDAwMDAwMDAwLCJkZWxldGUiOjE4MDAwMDAwMDAwMDAsInJlYWQiOjMwMDAwMDAwMDAwMCwidXBkYXRlIjoxODAwMDAwMDAwMDAwfX0=",
          "dependencies": [
            "azurerm_resource_group.rg-trab-terra"
          ]
        }
      ]
    },
    {
      "mode": "managed",
      "type": "null_resource",
      "name": "install-webserver",
      "provider": "provider[\"registry.terraform.io/hashicorp/null\"]",
      "instances": [
        {
          "schema_version": 0,
          "attributes": {
            "id": "7370305990948722835",
            "triggers": null
          },
          "sensitive_attributes": [],
          "private": "bnVsbA==",
          "dependencies": [
            "azurerm_linux_virtual_machine.vm-trab-terra",
            "azurerm_network_interface.nic-trab-terra",
            "azurerm_public_ip.ip-trab-terra",
            "azurerm_resource_group.rg-trab-terra",
            "azurerm_storage_account.sa-trab-terra",
            "azurerm_subnet.sub-trab-terra",
            "azurerm_virtual_network.vnet-trab-terra",
            "data.azurerm_public_ip.var-ip-public-trab-terra"
          ]
        }
      ]
    }
  ]
}
